
Microsoft Visual Studio Solution File, Format Version 12.00
# Visual Studio Version 17
VisualStudioVersion = 17.2.32616.157
MinimumVisualStudioVersion = 10.0.40219.1
Project("{FAE04EC0-301F-11D3-BF4B-00C04F79EFBC}") = "WebApplication", "WebApplication\WebApplication.csproj", "{16F6EF71-F65C-4B9F-9615-5A28F965DA09}"
EndProject
Project("{FAE04EC0-301F-11D3-BF4B-00C04F79EFBC}") = "ClassLibrary", "ClassLibrary\ClassLibrary.csproj", "{705CDA46-DBF7-44A5-9197-618133E5CB3E}"
EndProject
Project("{FAE04EC0-301F-11D3-BF4B-00C04F79EFBC}") = "DemoApplication", "DemoApplication\DemoApplication.csproj", "{ED81094D-1671-40A0-BF59-191E783E4039}"
EndProject
Global
	GlobalSection(SolutionConfigurationPlatforms) = preSolution
		Debug|Any CPU = Debug|Any CPU
		Release|Any CPU = Release|Any CPU
	EndGlobalSection
	GlobalSection(ProjectConfigurationPlatforms) = postSolution
		{16F6EF71-F65C-4B9F-9615-5A28F965DA09}.Debug|Any CPU.ActiveCfg = Debug|Any CPU
		{16F6EF71-F65C-4B9F-9615-5A28F965DA09}.Debug|Any CPU.Build.0 = Debug|Any CPU
		{16F6EF71-F65C-4B9F-9615-5A28F965DA09}.Release|Any CPU.ActiveCfg = Release|Any CPU
		{16F6EF71-F65C-4B9F-9615-5A28F965DA09}.Release|Any CPU.Build.0 = Release|Any CPU
		{705CDA46-DBF7-44A5-9197-618133E5CB3E}.Debug|Any CPU.ActiveCfg = Debug|Any CPU
		{705CDA46-DBF7-44A5-9197-618133E5CB3E}.Debug|Any CPU.Build.0 = Debug|Any CPU
		{705CDA46-DBF7-44A5-9197-618133E5CB3E}.Release|Any CPU.ActiveCfg = Release|Any CPU
		{705CDA46-DBF7-44A5-9197-618133E5CB3E}.Release|Any CPU.Build.0 = Release|Any CPU
		{ED81094D-1671-40A0-BF59-191E783E4039}.Debug|Any CPU.ActiveCfg = Debug|Any CPU
		{ED81094D-1671-40A0-BF59-191E783E4039}.Debug|Any CPU.Build.0 = Debug|Any CPU
		{ED81094D-1671-40A0-BF59-191E783E4039}.Release|Any CPU.ActiveCfg = Release|Any CPU
		{ED81094D-1671-40A0-BF59-191E783E4039}.Release|Any CPU.Build.0 = Release|Any CPU
	EndGlobalSection
	GlobalSection(SolutionProperties) = preSolution
		HideSolutionNode = FALSE
	EndGlobalSection
	GlobalSection(ExtensibilityGlobals) = postSolution
		SolutionGuid = {14449ACC-A5A1-4E13-B1AF-33854E4FD62D}
	EndGlobalSection
EndGlobal
